// !$*UTF8*$!
{
	archiveVersion = 1;
	classes = {
	};
	objectVersion = 56;
	objects = {

/* Begin PBXBuildFile section */
		7B1415E72C10EF430075D1C5 /* LouBankApp.swift in Sources */ = {isa = PBXBuildFile; fileRef = 7B1415E62C10EF430075D1C5 /* LouBankApp.swift */; };
		7B1415E92C10EF430075D1C5 /* ContentView.swift in Sources */ = {isa = PBXBuildFile; fileRef = 7B1415E82C10EF430075D1C5 /* ContentView.swift */; };
		7B1415EB2C10EF440075D1C5 /* Assets.xcassets in Resources */ = {isa = PBXBuildFile; fileRef = 7B1415EA2C10EF440075D1C5 /* Assets.xcassets */; };
		7B1415EF2C10EF440075D1C5 /* Preview Assets.xcassets in Resources */ = {isa = PBXBuildFile; fileRef = 7B1415EE2C10EF440075D1C5 /* Preview Assets.xcassets */; };
		7B1415F92C10EF450075D1C5 /* LouBankTests.swift in Sources */ = {isa = PBXBuildFile; fileRef = 7B1415F82C10EF450075D1C5 /* LouBankTests.swift */; };
		7B1416032C10EF450075D1C5 /* LouBankUITests.swift in Sources */ = {isa = PBXBuildFile; fileRef = 7B1416022C10EF450075D1C5 /* LouBankUITests.swift */; };
		7B1416052C10EF450075D1C5 /* LouBankUITestsLaunchTests.swift in Sources */ = {isa = PBXBuildFile; fileRef = 7B1416042C10EF450075D1C5 /* LouBankUITestsLaunchTests.swift */; };
		7B377B902C1108FE00B48BB6 /* Gradient.swift in Sources */ = {isa = PBXBuildFile; fileRef = 7B377B8F2C1108FE00B48BB6 /* Gradient.swift */; };
		7B45F2C32C1F487B0093076E /* Shop.swift in Sources */ = {isa = PBXBuildFile; fileRef = 7B45F2C22C1F487B0093076E /* Shop.swift */; };
		7B45F2C42C1F487B0093076E /* Shop.swift in Sources */ = {isa = PBXBuildFile; fileRef = 7B45F2C22C1F487B0093076E /* Shop.swift */; };
		7B45F2C52C1F487B0093076E /* Shop.swift in Sources */ = {isa = PBXBuildFile; fileRef = 7B45F2C22C1F487B0093076E /* Shop.swift */; };
		7B45F2C82C1F64D70093076E /* Card.swift in Sources */ = {isa = PBXBuildFile; fileRef = 7B45F2C72C1F64D70093076E /* Card.swift */; };
		7B45F2C92C1F64D70093076E /* Card.swift in Sources */ = {isa = PBXBuildFile; fileRef = 7B45F2C72C1F64D70093076E /* Card.swift */; };
		7B45F2CA2C1F64D70093076E /* Card.swift in Sources */ = {isa = PBXBuildFile; fileRef = 7B45F2C72C1F64D70093076E /* Card.swift */; };
		7B45F2CD2C1F65240093076E /* Chat.swift in Sources */ = {isa = PBXBuildFile; fileRef = 7B45F2CC2C1F65240093076E /* Chat.swift */; };
		7B45F2CE2C1F65240093076E /* Chat.swift in Sources */ = {isa = PBXBuildFile; fileRef = 7B45F2CC2C1F65240093076E /* Chat.swift */; };
		7B45F2CF2C1F65240093076E /* Chat.swift in Sources */ = {isa = PBXBuildFile; fileRef = 7B45F2CC2C1F65240093076E /* Chat.swift */; };
		7B45F2D22C1F654A0093076E /* History.swift in Sources */ = {isa = PBXBuildFile; fileRef = 7B45F2D12C1F654A0093076E /* History.swift */; };
		7B45F2D32C1F654A0093076E /* History.swift in Sources */ = {isa = PBXBuildFile; fileRef = 7B45F2D12C1F654A0093076E /* History.swift */; };
		7B45F2D42C1F654A0093076E /* History.swift in Sources */ = {isa = PBXBuildFile; fileRef = 7B45F2D12C1F654A0093076E /* History.swift */; };
		7B4F10C02C1CE61000BA83C4 /* Home.swift in Sources */ = {isa = PBXBuildFile; fileRef = 7B4F10BF2C1CE61000BA83C4 /* Home.swift */; };
		7B4F10C12C1CE61000BA83C4 /* Home.swift in Sources */ = {isa = PBXBuildFile; fileRef = 7B4F10BF2C1CE61000BA83C4 /* Home.swift */; };
		7B4F10C22C1CE61000BA83C4 /* Home.swift in Sources */ = {isa = PBXBuildFile; fileRef = 7B4F10BF2C1CE61000BA83C4 /* Home.swift */; };
		7B4F10C42C1CE62900BA83C4 /* AppTabs.swift in Sources */ = {isa = PBXBuildFile; fileRef = 7B4F10C32C1CE62900BA83C4 /* AppTabs.swift */; };
		7B4F10C52C1CE62900BA83C4 /* AppTabs.swift in Sources */ = {isa = PBXBuildFile; fileRef = 7B4F10C32C1CE62900BA83C4 /* AppTabs.swift */; };
		7B4F10C62C1CE62900BA83C4 /* AppTabs.swift in Sources */ = {isa = PBXBuildFile; fileRef = 7B4F10C32C1CE62900BA83C4 /* AppTabs.swift */; };
		7B4F10C82C1CE64600BA83C4 /* Layout.swift in Sources */ = {isa = PBXBuildFile; fileRef = 7B4F10C72C1CE64600BA83C4 /* Layout.swift */; };
		7B4F10C92C1CE64600BA83C4 /* Layout.swift in Sources */ = {isa = PBXBuildFile; fileRef = 7B4F10C72C1CE64600BA83C4 /* Layout.swift */; };
		7B4F10CA2C1CE64600BA83C4 /* Layout.swift in Sources */ = {isa = PBXBuildFile; fileRef = 7B4F10C72C1CE64600BA83C4 /* Layout.swift */; };
		7B67D5142C13AE420006852C /* AppButton.swift in Sources */ = {isa = PBXBuildFile; fileRef = 7B67D5132C13AE420006852C /* AppButton.swift */; };
		7BC758C72C39783F002E50C5 /* VisaCard.swift in Sources */ = {isa = PBXBuildFile; fileRef = 7BC758C62C39783E002E50C5 /* VisaCard.swift */; };
		7BC758C82C39783F002E50C5 /* VisaCard.swift in Sources */ = {isa = PBXBuildFile; fileRef = 7BC758C62C39783E002E50C5 /* VisaCard.swift */; };
		7BC758C92C39783F002E50C5 /* VisaCard.swift in Sources */ = {isa = PBXBuildFile; fileRef = 7BC758C62C39783E002E50C5 /* VisaCard.swift */; };
		7BC758CB2C39C5B5002E50C5 /* FinaceCard.swift in Sources */ = {isa = PBXBuildFile; fileRef = 7BC758CA2C39C5B5002E50C5 /* FinaceCard.swift */; };
		7BC758CC2C39C5B5002E50C5 /* FinaceCard.swift in Sources */ = {isa = PBXBuildFile; fileRef = 7BC758CA2C39C5B5002E50C5 /* FinaceCard.swift */; };
		7BC758CD2C39C5B5002E50C5 /* FinaceCard.swift in Sources */ = {isa = PBXBuildFile; fileRef = 7BC758CA2C39C5B5002E50C5 /* FinaceCard.swift */; };
		7BDC08DF2C305EF50042D66A /* Color.swift in Sources */ = {isa = PBXBuildFile; fileRef = 7BDC08DE2C305EF50042D66A /* Color.swift */; };
		7BF6356F2C14796B002AD569 /* CustomButtonStyle.swift in Sources */ = {isa = PBXBuildFile; fileRef = 7BF6356E2C14796B002AD569 /* CustomButtonStyle.swift */; };
		7BF635712C148146002AD569 /* Font.swift in Sources */ = {isa = PBXBuildFile; fileRef = 7BF635702C148146002AD569 /* Font.swift */; };
		7BF635A12C14924C002AD569 /* SansRegular.ttf in Resources */ = {isa = PBXBuildFile; fileRef = 7BF6359E2C14924C002AD569 /* SansRegular.ttf */; };
		7BF635A22C14924C002AD569 /* SansBold.ttf in Resources */ = {isa = PBXBuildFile; fileRef = 7BF6359F2C14924C002AD569 /* SansBold.ttf */; };
		7BF635A32C14924C002AD569 /* SansMedium.ttf in Resources */ = {isa = PBXBuildFile; fileRef = 7BF635A02C14924C002AD569 /* SansMedium.ttf */; };
		7BF635A62C14CC20002AD569 /* Login.swift in Sources */ = {isa = PBXBuildFile; fileRef = 7BF635A52C14CC20002AD569 /* Login.swift */; };
/* End PBXBuildFile section */

/* Begin PBXContainerItemProxy section */
		7B1415F52C10EF450075D1C5 /* PBXContainerItemProxy */ = {
			isa = PBXContainerItemProxy;
			containerPortal = 7B1415DB2C10EF430075D1C5 /* Project object */;
			proxyType = 1;
			remoteGlobalIDString = 7B1415E22C10EF430075D1C5;
			remoteInfo = LouBank;
		};
		7B1415FF2C10EF450075D1C5 /* PBXContainerItemProxy */ = {
			isa = PBXContainerItemProxy;
			containerPortal = 7B1415DB2C10EF430075D1C5 /* Project object */;
			proxyType = 1;
			remoteGlobalIDString = 7B1415E22C10EF430075D1C5;
			remoteInfo = LouBank;
		};
/* End PBXContainerItemProxy section */

/* Begin PBXFileReference section */
		7B1415E32C10EF430075D1C5 /* LouBank.app */ = {isa = PBXFileReference; explicitFileType = wrapper.application; includeInIndex = 0; path = LouBank.app; sourceTree = BUILT_PRODUCTS_DIR; };
		7B1415E62C10EF430075D1C5 /* LouBankApp.swift */ = {isa = PBXFileReference; lastKnownFileType = sourcecode.swift; path = LouBankApp.swift; sourceTree = "<group>"; };
		7B1415E82C10EF430075D1C5 /* ContentView.swift */ = {isa = PBXFileReference; lastKnownFileType = sourcecode.swift; path = ContentView.swift; sourceTree = "<group>"; };
		7B1415EA2C10EF440075D1C5 /* Assets.xcassets */ = {isa = PBXFileReference; lastKnownFileType = folder.assetcatalog; path = Assets.xcassets; sourceTree = "<group>"; };
		7B1415EC2C10EF440075D1C5 /* LouBank.entitlements */ = {isa = PBXFileReference; lastKnownFileType = text.plist.entitlements; path = LouBank.entitlements; sourceTree = "<group>"; };
		7B1415EE2C10EF440075D1C5 /* Preview Assets.xcassets */ = {isa = PBXFileReference; lastKnownFileType = folder.assetcatalog; path = "Preview Assets.xcassets"; sourceTree = "<group>"; };
		7B1415F42C10EF450075D1C5 /* LouBankTests.xctest */ = {isa = PBXFileReference; explicitFileType = wrapper.cfbundle; includeInIndex = 0; path = LouBankTests.xctest; sourceTree = BUILT_PRODUCTS_DIR; };
		7B1415F82C10EF450075D1C5 /* LouBankTests.swift */ = {isa = PBXFileReference; lastKnownFileType = sourcecode.swift; path = LouBankTests.swift; sourceTree = "<group>"; };
		7B1415FE2C10EF450075D1C5 /* LouBankUITests.xctest */ = {isa = PBXFileReference; explicitFileType = wrapper.cfbundle; includeInIndex = 0; path = LouBankUITests.xctest; sourceTree = BUILT_PRODUCTS_DIR; };
		7B1416022C10EF450075D1C5 /* LouBankUITests.swift */ = {isa = PBXFileReference; lastKnownFileType = sourcecode.swift; path = LouBankUITests.swift; sourceTree = "<group>"; };
		7B1416042C10EF450075D1C5 /* LouBankUITestsLaunchTests.swift */ = {isa = PBXFileReference; lastKnownFileType = sourcecode.swift; path = LouBankUITestsLaunchTests.swift; sourceTree = "<group>"; };
		7B377B8F2C1108FE00B48BB6 /* Gradient.swift */ = {isa = PBXFileReference; lastKnownFileType = sourcecode.swift; path = Gradient.swift; sourceTree = "<group>"; };
		7B377B912C11134D00B48BB6 /* Info.plist */ = {isa = PBXFileReference; lastKnownFileType = text.plist; path = Info.plist; sourceTree = "<group>"; };
		7B45F2C22C1F487B0093076E /* Shop.swift */ = {isa = PBXFileReference; lastKnownFileType = sourcecode.swift; path = Shop.swift; sourceTree = "<group>"; };
		7B45F2C72C1F64D70093076E /* Card.swift */ = {isa = PBXFileReference; lastKnownFileType = sourcecode.swift; path = Card.swift; sourceTree = "<group>"; };
		7B45F2CC2C1F65240093076E /* Chat.swift */ = {isa = PBXFileReference; lastKnownFileType = sourcecode.swift; path = Chat.swift; sourceTree = "<group>"; };
		7B45F2D12C1F654A0093076E /* History.swift */ = {isa = PBXFileReference; lastKnownFileType = sourcecode.swift; path = History.swift; sourceTree = "<group>"; };
		7B4F10BF2C1CE61000BA83C4 /* Home.swift */ = {isa = PBXFileReference; lastKnownFileType = sourcecode.swift; path = Home.swift; sourceTree = "<group>"; };
		7B4F10C32C1CE62900BA83C4 /* AppTabs.swift */ = {isa = PBXFileReference; lastKnownFileType = sourcecode.swift; path = AppTabs.swift; sourceTree = "<group>"; };
		7B4F10C72C1CE64600BA83C4 /* Layout.swift */ = {isa = PBXFileReference; lastKnownFileType = sourcecode.swift; path = Layout.swift; sourceTree = "<group>"; };
		7B67D5132C13AE420006852C /* AppButton.swift */ = {isa = PBXFileReference; lastKnownFileType = sourcecode.swift; path = AppButton.swift; sourceTree = "<group>"; };
		7BC758C62C39783E002E50C5 /* VisaCard.swift */ = {isa = PBXFileReference; lastKnownFileType = sourcecode.swift; path = VisaCard.swift; sourceTree = "<group>"; };
		7BC758CA2C39C5B5002E50C5 /* FinaceCard.swift */ = {isa = PBXFileReference; lastKnownFileType = sourcecode.swift; path = FinaceCard.swift; sourceTree = "<group>"; };
		7BDC08DE2C305EF50042D66A /* Color.swift */ = {isa = PBXFileReference; lastKnownFileType = sourcecode.swift; path = Color.swift; sourceTree = "<group>"; };
		7BF6356E2C14796B002AD569 /* CustomButtonStyle.swift */ = {isa = PBXFileReference; lastKnownFileType = sourcecode.swift; path = CustomButtonStyle.swift; sourceTree = "<group>"; };
		7BF635702C148146002AD569 /* Font.swift */ = {isa = PBXFileReference; lastKnownFileType = sourcecode.swift; path = Font.swift; sourceTree = "<group>"; };
		7BF6359E2C14924C002AD569 /* SansRegular.ttf */ = {isa = PBXFileReference; lastKnownFileType = file; path = SansRegular.ttf; sourceTree = "<group>"; };
		7BF6359F2C14924C002AD569 /* SansBold.ttf */ = {isa = PBXFileReference; lastKnownFileType = file; path = SansBold.ttf; sourceTree = "<group>"; };
		7BF635A02C14924C002AD569 /* SansMedium.ttf */ = {isa = PBXFileReference; lastKnownFileType = file; path = SansMedium.ttf; sourceTree = "<group>"; };
		7BF635A52C14CC20002AD569 /* Login.swift */ = {isa = PBXFileReference; lastKnownFileType = sourcecode.swift; path = Login.swift; sourceTree = "<group>"; };
/* End PBXFileReference section */

/* Begin PBXFrameworksBuildPhase section */
		7B1415E02C10EF430075D1C5 /* Frameworks */ = {
			isa = PBXFrameworksBuildPhase;
			buildActionMask = 2147483647;
			files = (
			);
			runOnlyForDeploymentPostprocessing = 0;
		};
		7B1415F12C10EF450075D1C5 /* Frameworks */ = {
			isa = PBXFrameworksBuildPhase;
			buildActionMask = 2147483647;
			files = (
			);
			runOnlyForDeploymentPostprocessing = 0;
		};
		7B1415FB2C10EF450075D1C5 /* Frameworks */ = {
			isa = PBXFrameworksBuildPhase;
			buildActionMask = 2147483647;
			files = (
			);
			runOnlyForDeploymentPostprocessing = 0;
		};
/* End PBXFrameworksBuildPhase section */

/* Begin PBXGroup section */
		7B1415DA2C10EF430075D1C5 = {
			isa = PBXGroup;
			children = (
				7B1415E52C10EF430075D1C5 /* LouBank */,
				7B1415F72C10EF450075D1C5 /* LouBankTests */,
				7B1416012C10EF450075D1C5 /* LouBankUITests */,
				7B1415E42C10EF430075D1C5 /* Products */,
			);
			sourceTree = "<group>";
		};
		7B1415E42C10EF430075D1C5 /* Products */ = {
			isa = PBXGroup;
			children = (
				7B1415E32C10EF430075D1C5 /* LouBank.app */,
				7B1415F42C10EF450075D1C5 /* LouBankTests.xctest */,
				7B1415FE2C10EF450075D1C5 /* LouBankUITests.xctest */,
			);
			name = Products;
			sourceTree = "<group>";
		};
		7B1415E52C10EF430075D1C5 /* LouBank */ = {
			isa = PBXGroup;
			children = (
				7BF6359D2C14923C002AD569 /* Fonts */,
				7B67D5122C13AE300006852C /* Components */,
				7B377B912C11134D00B48BB6 /* Info.plist */,
				7B377B8C2C1106E400B48BB6 /* Extensions */,
				7B377B8B2C11067D00B48BB6 /* Design */,
				7B377B8A2C11066D00B48BB6 /* Screens */,
				7B1415E62C10EF430075D1C5 /* LouBankApp.swift */,
				7B1415E82C10EF430075D1C5 /* ContentView.swift */,
				7B1415EA2C10EF440075D1C5 /* Assets.xcassets */,
				7B1415EC2C10EF440075D1C5 /* LouBank.entitlements */,
				7B1415ED2C10EF440075D1C5 /* Preview Content */,
			);
			path = LouBank;
			sourceTree = "<group>";
		};
		7B1415ED2C10EF440075D1C5 /* Preview Content */ = {
			isa = PBXGroup;
			children = (
				7B1415EE2C10EF440075D1C5 /* Preview Assets.xcassets */,
			);
			path = "Preview Content";
			sourceTree = "<group>";
		};
		7B1415F72C10EF450075D1C5 /* LouBankTests */ = {
			isa = PBXGroup;
			children = (
				7B1415F82C10EF450075D1C5 /* LouBankTests.swift */,
			);
			path = LouBankTests;
			sourceTree = "<group>";
		};
		7B1416012C10EF450075D1C5 /* LouBankUITests */ = {
			isa = PBXGroup;
			children = (
				7B1416022C10EF450075D1C5 /* LouBankUITests.swift */,
				7B1416042C10EF450075D1C5 /* LouBankUITestsLaunchTests.swift */,
			);
			path = LouBankUITests;
			sourceTree = "<group>";
		};
		7B377B8A2C11066D00B48BB6 /* Screens */ = {
			isa = PBXGroup;
			children = (
				7B45F2D02C1F65390093076E /* History */,
				7B45F2CB2C1F65190093076E /* Chat */,
				7B45F2C62C1F64BD0093076E /* Card */,
				7B45F2C12C1F486A0093076E /* Shop */,
				7B4F10BE2C1CE5EF00BA83C4 /* Home */,
				7BF635A42C14CC0D002AD569 /* Login */,
			);
			path = Screens;
			sourceTree = "<group>";
		};
		7B377B8B2C11067D00B48BB6 /* Design */ = {
			isa = PBXGroup;
			children = (
				7BF6356E2C14796B002AD569 /* CustomButtonStyle.swift */,
			);
			path = Design;
			sourceTree = "<group>";
		};
		7B377B8C2C1106E400B48BB6 /* Extensions */ = {
			isa = PBXGroup;
			children = (
				7B377B8F2C1108FE00B48BB6 /* Gradient.swift */,
				7BF635702C148146002AD569 /* Font.swift */,
				7BDC08DE2C305EF50042D66A /* Color.swift */,
			);
			path = Extensions;
			sourceTree = "<group>";
		};
		7B45F2C12C1F486A0093076E /* Shop */ = {
			isa = PBXGroup;
			children = (
				7B45F2C22C1F487B0093076E /* Shop.swift */,
			);
			path = Shop;
			sourceTree = "<group>";
		};
		7B45F2C62C1F64BD0093076E /* Card */ = {
			isa = PBXGroup;
			children = (
				7B45F2C72C1F64D70093076E /* Card.swift */,
			);
			path = Card;
			sourceTree = "<group>";
		};
		7B45F2CB2C1F65190093076E /* Chat */ = {
			isa = PBXGroup;
			children = (
				7B45F2CC2C1F65240093076E /* Chat.swift */,
			);
			path = Chat;
			sourceTree = "<group>";
		};
		7B45F2D02C1F65390093076E /* History */ = {
			isa = PBXGroup;
			children = (
				7B45F2D12C1F654A0093076E /* History.swift */,
			);
			path = History;
			sourceTree = "<group>";
		};
		7B4F10BE2C1CE5EF00BA83C4 /* Home */ = {
			isa = PBXGroup;
			children = (
				7B4F10BF2C1CE61000BA83C4 /* Home.swift */,
				7BC758C62C39783E002E50C5 /* VisaCard.swift */,
				7BC758CA2C39C5B5002E50C5 /* FinaceCard.swift */,
			);
			path = Home;
			sourceTree = "<group>";
		};
		7B67D5122C13AE300006852C /* Components */ = {
			isa = PBXGroup;
			children = (
				7B67D5132C13AE420006852C /* AppButton.swift */,
				7B4F10C32C1CE62900BA83C4 /* AppTabs.swift */,
				7B4F10C72C1CE64600BA83C4 /* Layout.swift */,
			);
			path = Components;
			sourceTree = "<group>";
		};
		7BF6359D2C14923C002AD569 /* Fonts */ = {
			isa = PBXGroup;
			children = (
				7BF6359F2C14924C002AD569 /* SansBold.ttf */,
				7BF635A02C14924C002AD569 /* SansMedium.ttf */,
				7BF6359E2C14924C002AD569 /* SansRegular.ttf */,
			);
			path = Fonts;
			sourceTree = "<group>";
		};
		7BF635A42C14CC0D002AD569 /* Login */ = {
			isa = PBXGroup;
			children = (
				7BF635A52C14CC20002AD569 /* Login.swift */,
			);
			path = Login;
			sourceTree = "<group>";
		};
/* End PBXGroup section */

/* Begin PBXNativeTarget section */
		7B1415E22C10EF430075D1C5 /* LouBank */ = {
			isa = PBXNativeTarget;
			buildConfigurationList = 7B1416082C10EF450075D1C5 /* Build configuration list for PBXNativeTarget "LouBank" */;
			buildPhases = (
				7B1415DF2C10EF430075D1C5 /* Sources */,
				7B1415E02C10EF430075D1C5 /* Frameworks */,
				7B1415E12C10EF430075D1C5 /* Resources */,
			);
			buildRules = (
			);
			dependencies = (
			);
			name = LouBank;
			productName = LouBank;
			productReference = 7B1415E32C10EF430075D1C5 /* LouBank.app */;
			productType = "com.apple.product-type.application";
		};
		7B1415F32C10EF450075D1C5 /* LouBankTests */ = {
			isa = PBXNativeTarget;
			buildConfigurationList = 7B14160B2C10EF450075D1C5 /* Build configuration list for PBXNativeTarget "LouBankTests" */;
			buildPhases = (
				7B1415F02C10EF450075D1C5 /* Sources */,
				7B1415F12C10EF450075D1C5 /* Frameworks */,
				7B1415F22C10EF450075D1C5 /* Resources */,
			);
			buildRules = (
			);
			dependencies = (
				7B1415F62C10EF450075D1C5 /* PBXTargetDependency */,
			);
			name = LouBankTests;
			productName = LouBankTests;
			productReference = 7B1415F42C10EF450075D1C5 /* LouBankTests.xctest */;
			productType = "com.apple.product-type.bundle.unit-test";
		};
		7B1415FD2C10EF450075D1C5 /* LouBankUITests */ = {
			isa = PBXNativeTarget;
			buildConfigurationList = 7B14160E2C10EF450075D1C5 /* Build configuration list for PBXNativeTarget "LouBankUITests" */;
			buildPhases = (
				7B1415FA2C10EF450075D1C5 /* Sources */,
				7B1415FB2C10EF450075D1C5 /* Frameworks */,
				7B1415FC2C10EF450075D1C5 /* Resources */,
			);
			buildRules = (
			);
			dependencies = (
				7B1416002C10EF450075D1C5 /* PBXTargetDependency */,
			);
			name = LouBankUITests;
			productName = LouBankUITests;
			productReference = 7B1415FE2C10EF450075D1C5 /* LouBankUITests.xctest */;
			productType = "com.apple.product-type.bundle.ui-testing";
		};
/* End PBXNativeTarget section */

/* Begin PBXProject section */
		7B1415DB2C10EF430075D1C5 /* Project object */ = {
			isa = PBXProject;
			attributes = {
				BuildIndependentTargetsInParallel = 1;
				LastSwiftUpdateCheck = 1540;
				LastUpgradeCheck = 1540;
				TargetAttributes = {
					7B1415E22C10EF430075D1C5 = {
						CreatedOnToolsVersion = 15.4;
					};
					7B1415F32C10EF450075D1C5 = {
						CreatedOnToolsVersion = 15.4;
						TestTargetID = 7B1415E22C10EF430075D1C5;
					};
					7B1415FD2C10EF450075D1C5 = {
						CreatedOnToolsVersion = 15.4;
						TestTargetID = 7B1415E22C10EF430075D1C5;
					};
				};
			};
			buildConfigurationList = 7B1415DE2C10EF430075D1C5 /* Build configuration list for PBXProject "LouBank" */;
			compatibilityVersion = "Xcode 14.0";
			developmentRegion = en;
			hasScannedForEncodings = 0;
			knownRegions = (
				en,
				Base,
			);
			mainGroup = 7B1415DA2C10EF430075D1C5;
			productRefGroup = 7B1415E42C10EF430075D1C5 /* Products */;
			projectDirPath = "";
			projectRoot = "";
			targets = (
				7B1415E22C10EF430075D1C5 /* LouBank */,
				7B1415F32C10EF450075D1C5 /* LouBankTests */,
				7B1415FD2C10EF450075D1C5 /* LouBankUITests */,
			);
		};
/* End PBXProject section */

/* Begin PBXResourcesBuildPhase section */
		7B1415E12C10EF430075D1C5 /* Resources */ = {
			isa = PBXResourcesBuildPhase;
			buildActionMask = 2147483647;
			files = (
				7B1415EF2C10EF440075D1C5 /* Preview Assets.xcassets in Resources */,
				7B1415EB2C10EF440075D1C5 /* Assets.xcassets in Resources */,
				7BF635A22C14924C002AD569 /* SansBold.ttf in Resources */,
				7BF635A32C14924C002AD569 /* SansMedium.ttf in Resources */,
				7BF635A12C14924C002AD569 /* SansRegular.ttf in Resources */,
			);
			runOnlyForDeploymentPostprocessing = 0;
		};
		7B1415F22C10EF450075D1C5 /* Resources */ = {
			isa = PBXResourcesBuildPhase;
			buildActionMask = 2147483647;
			files = (
			);
			runOnlyForDeploymentPostprocessing = 0;
		};
		7B1415FC2C10EF450075D1C5 /* Resources */ = {
			isa = PBXResourcesBuildPhase;
			buildActionMask = 2147483647;
			files = (
			);
			runOnlyForDeploymentPostprocessing = 0;
		};
/* End PBXResourcesBuildPhase section */

/* Begin PBXSourcesBuildPhase section */
		7B1415DF2C10EF430075D1C5 /* Sources */ = {
			isa = PBXSourcesBuildPhase;
			buildActionMask = 2147483647;
			files = (
				7B45F2CD2C1F65240093076E /* Chat.swift in Sources */,
				7BF635A62C14CC20002AD569 /* Login.swift in Sources */,
				7B45F2D22C1F654A0093076E /* History.swift in Sources */,
				7B1415E92C10EF430075D1C5 /* ContentView.swift in Sources */,
				7B1415E72C10EF430075D1C5 /* LouBankApp.swift in Sources */,
				7B45F2C32C1F487B0093076E /* Shop.swift in Sources */,
				7BC758C72C39783F002E50C5 /* VisaCard.swift in Sources */,
				7B4F10C02C1CE61000BA83C4 /* Home.swift in Sources */,
				7BF635712C148146002AD569 /* Font.swift in Sources */,
				7BC758CB2C39C5B5002E50C5 /* FinaceCard.swift in Sources */,
				7BDC08DF2C305EF50042D66A /* Color.swift in Sources */,
				7B377B902C1108FE00B48BB6 /* Gradient.swift in Sources */,
				7B45F2C82C1F64D70093076E /* Card.swift in Sources */,
				7B4F10C82C1CE64600BA83C4 /* Layout.swift in Sources */,
				7B4F10C42C1CE62900BA83C4 /* AppTabs.swift in Sources */,
				7BF6356F2C14796B002AD569 /* CustomButtonStyle.swift in Sources */,
				7B67D5142C13AE420006852C /* AppButton.swift in Sources */,
			);
			runOnlyForDeploymentPostprocessing = 0;
		};
		7B1415F02C10EF450075D1C5 /* Sources */ = {
			isa = PBXSourcesBuildPhase;
			buildActionMask = 2147483647;
			files = (
				7B4F10C52C1CE62900BA83C4 /* AppTabs.swift in Sources */,
				7BC758CC2C39C5B5002E50C5 /* FinaceCard.swift in Sources */,
				7B45F2C92C1F64D70093076E /* Card.swift in Sources */,
				7B45F2D32C1F654A0093076E /* History.swift in Sources */,
				7B45F2CE2C1F65240093076E /* Chat.swift in Sources */,
				7B4F10C92C1CE64600BA83C4 /* Layout.swift in Sources */,
				7BC758C82C39783F002E50C5 /* VisaCard.swift in Sources */,
				7B4F10C12C1CE61000BA83C4 /* Home.swift in Sources */,
				7B45F2C42C1F487B0093076E /* Shop.swift in Sources */,
				7B1415F92C10EF450075D1C5 /* LouBankTests.swift in Sources */,
			);
			runOnlyForDeploymentPostprocessing = 0;
		};
		7B1415FA2C10EF450075D1C5 /* Sources */ = {
			isa = PBXSourcesBuildPhase;
			buildActionMask = 2147483647;
			files = (
				7B45F2D42C1F654A0093076E /* History.swift in Sources */,
				7B1416032C10EF450075D1C5 /* LouBankUITests.swift in Sources */,
				7B4F10C22C1CE61000BA83C4 /* Home.swift in Sources */,
				7B45F2CA2C1F64D70093076E /* Card.swift in Sources */,
				7B4F10CA2C1CE64600BA83C4 /* Layout.swift in Sources */,
				7B45F2C52C1F487B0093076E /* Shop.swift in Sources */,
				7BC758C92C39783F002E50C5 /* VisaCard.swift in Sources */,
				7BC758CD2C39C5B5002E50C5 /* FinaceCard.swift in Sources */,
				7B45F2CF2C1F65240093076E /* Chat.swift in Sources */,
				7B1416052C10EF450075D1C5 /* LouBankUITestsLaunchTests.swift in Sources */,
				7B4F10C62C1CE62900BA83C4 /* AppTabs.swift in Sources */,
			);
			runOnlyForDeploymentPostprocessing = 0;
		};
/* End PBXSourcesBuildPhase section */

/* Begin PBXTargetDependency section */
		7B1415F62C10EF450075D1C5 /* PBXTargetDependency */ = {
			isa = PBXTargetDependency;
			target = 7B1415E22C10EF430075D1C5 /* LouBank */;
			targetProxy = 7B1415F52C10EF450075D1C5 /* PBXContainerItemProxy */;
		};
		7B1416002C10EF450075D1C5 /* PBXTargetDependency */ = {
			isa = PBXTargetDependency;
			target = 7B1415E22C10EF430075D1C5 /* LouBank */;
			targetProxy = 7B1415FF2C10EF450075D1C5 /* PBXContainerItemProxy */;
		};
/* End PBXTargetDependency section */

/* Begin XCBuildConfiguration section */
		7B1416062C10EF450075D1C5 /* Debug */ = {
			isa = XCBuildConfiguration;
			buildSettings = {
				ALWAYS_SEARCH_USER_PATHS = NO;
				ASSETCATALOG_COMPILER_GENERATE_SWIFT_ASSET_SYMBOL_EXTENSIONS = YES;
				CLANG_ANALYZER_NONNULL = YES;
				CLANG_ANALYZER_NUMBER_OBJECT_CONVERSION = YES_AGGRESSIVE;
				CLANG_CXX_LANGUAGE_STANDARD = "gnu++20";
				CLANG_ENABLE_MODULES = YES;
				CLANG_ENABLE_OBJC_ARC = YES;
				CLANG_ENABLE_OBJC_WEAK = YES;
				CLANG_WARN_BLOCK_CAPTURE_AUTORELEASING = YES;
				CLANG_WARN_BOOL_CONVERSION = YES;
				CLANG_WARN_COMMA = YES;
				CLANG_WARN_CONSTANT_CONVERSION = YES;
				CLANG_WARN_DEPRECATED_OBJC_IMPLEMENTATIONS = YES;
				CLANG_WARN_DIRECT_OBJC_ISA_USAGE = YES_ERROR;
				CLANG_WARN_DOCUMENTATION_COMMENTS = YES;
				CLANG_WARN_EMPTY_BODY = YES;
				CLANG_WARN_ENUM_CONVERSION = YES;
				CLANG_WARN_INFINITE_RECURSION = YES;
				CLANG_WARN_INT_CONVERSION = YES;
				CLANG_WARN_NON_LITERAL_NULL_CONVERSION = YES;
				CLANG_WARN_OBJC_IMPLICIT_RETAIN_SELF = YES;
				CLANG_WARN_OBJC_LITERAL_CONVERSION = YES;
				CLANG_WARN_OBJC_ROOT_CLASS = YES_ERROR;
				CLANG_WARN_QUOTED_INCLUDE_IN_FRAMEWORK_HEADER = YES;
				CLANG_WARN_RANGE_LOOP_ANALYSIS = YES;
				CLANG_WARN_STRICT_PROTOTYPES = YES;
				CLANG_WARN_SUSPICIOUS_MOVE = YES;
				CLANG_WARN_UNGUARDED_AVAILABILITY = YES_AGGRESSIVE;
				CLANG_WARN_UNREACHABLE_CODE = YES;
				CLANG_WARN__DUPLICATE_METHOD_MATCH = YES;
				COPY_PHASE_STRIP = NO;
				DEBUG_INFORMATION_FORMAT = dwarf;
				ENABLE_STRICT_OBJC_MSGSEND = YES;
				ENABLE_TESTABILITY = YES;
				ENABLE_USER_SCRIPT_SANDBOXING = YES;
				GCC_C_LANGUAGE_STANDARD = gnu17;
				GCC_DYNAMIC_NO_PIC = NO;
				GCC_NO_COMMON_BLOCKS = YES;
				GCC_OPTIMIZATION_LEVEL = 0;
				GCC_PREPROCESSOR_DEFINITIONS = (
					"DEBUG=1",
					"$(inherited)",
				);
				GCC_WARN_64_TO_32_BIT_CONVERSION = YES;
				GCC_WARN_ABOUT_RETURN_TYPE = YES_ERROR;
				GCC_WARN_UNDECLARED_SELECTOR = YES;
				GCC_WARN_UNINITIALIZED_AUTOS = YES_AGGRESSIVE;
				GCC_WARN_UNUSED_FUNCTION = YES;
				GCC_WARN_UNUSED_VARIABLE = YES;
				LOCALIZATION_PREFERS_STRING_CATALOGS = YES;
				MTL_ENABLE_DEBUG_INFO = INCLUDE_SOURCE;
				MTL_FAST_MATH = YES;
				ONLY_ACTIVE_ARCH = YES;
				SWIFT_ACTIVE_COMPILATION_CONDITIONS = "DEBUG $(inherited)";
				SWIFT_OPTIMIZATION_LEVEL = "-Onone";
			};
			name = Debug;
		};
		7B1416072C10EF450075D1C5 /* Release */ = {
			isa = XCBuildConfiguration;
			buildSettings = {
				ALWAYS_SEARCH_USER_PATHS = NO;
				ASSETCATALOG_COMPILER_GENERATE_SWIFT_ASSET_SYMBOL_EXTENSIONS = YES;
				CLANG_ANALYZER_NONNULL = YES;
				CLANG_ANALYZER_NUMBER_OBJECT_CONVERSION = YES_AGGRESSIVE;
				CLANG_CXX_LANGUAGE_STANDARD = "gnu++20";
				CLANG_ENABLE_MODULES = YES;
				CLANG_ENABLE_OBJC_ARC = YES;
				CLANG_ENABLE_OBJC_WEAK = YES;
				CLANG_WARN_BLOCK_CAPTURE_AUTORELEASING = YES;
				CLANG_WARN_BOOL_CONVERSION = YES;
				CLANG_WARN_COMMA = YES;
				CLANG_WARN_CONSTANT_CONVERSION = YES;
				CLANG_WARN_DEPRECATED_OBJC_IMPLEMENTATIONS = YES;
				CLANG_WARN_DIRECT_OBJC_ISA_USAGE = YES_ERROR;
				CLANG_WARN_DOCUMENTATION_COMMENTS = YES;
				CLANG_WARN_EMPTY_BODY = YES;
				CLANG_WARN_ENUM_CONVERSION = YES;
				CLANG_WARN_INFINITE_RECURSION = YES;
				CLANG_WARN_INT_CONVERSION = YES;
				CLANG_WARN_NON_LITERAL_NULL_CONVERSION = YES;
				CLANG_WARN_OBJC_IMPLICIT_RETAIN_SELF = YES;
				CLANG_WARN_OBJC_LITERAL_CONVERSION = YES;
				CLANG_WARN_OBJC_ROOT_CLASS = YES_ERROR;
				CLANG_WARN_QUOTED_INCLUDE_IN_FRAMEWORK_HEADER = YES;
				CLANG_WARN_RANGE_LOOP_ANALYSIS = YES;
				CLANG_WARN_STRICT_PROTOTYPES = YES;
				CLANG_WARN_SUSPICIOUS_MOVE = YES;
				CLANG_WARN_UNGUARDED_AVAILABILITY = YES_AGGRESSIVE;
				CLANG_WARN_UNREACHABLE_CODE = YES;
				CLANG_WARN__DUPLICATE_METHOD_MATCH = YES;
				COPY_PHASE_STRIP = NO;
				DEBUG_INFORMATION_FORMAT = "dwarf-with-dsym";
				ENABLE_NS_ASSERTIONS = NO;
				ENABLE_STRICT_OBJC_MSGSEND = YES;
				ENABLE_USER_SCRIPT_SANDBOXING = YES;
				GCC_C_LANGUAGE_STANDARD = gnu17;
				GCC_NO_COMMON_BLOCKS = YES;
				GCC_WARN_64_TO_32_BIT_CONVERSION = YES;
				GCC_WARN_ABOUT_RETURN_TYPE = YES_ERROR;
				GCC_WARN_UNDECLARED_SELECTOR = YES;
				GCC_WARN_UNINITIALIZED_AUTOS = YES_AGGRESSIVE;
				GCC_WARN_UNUSED_FUNCTION = YES;
				GCC_WARN_UNUSED_VARIABLE = YES;
				LOCALIZATION_PREFERS_STRING_CATALOGS = YES;
				MTL_ENABLE_DEBUG_INFO = NO;
				MTL_FAST_MATH = YES;
				SWIFT_COMPILATION_MODE = wholemodule;
			};
			name = Release;
		};
		7B1416092C10EF450075D1C5 /* Debug */ = {
			isa = XCBuildConfiguration;
			buildSettings = {
				ASSETCATALOG_COMPILER_APPICON_NAME = AppIcon;
				ASSETCATALOG_COMPILER_GLOBAL_ACCENT_COLOR_NAME = AccentColor;
				CODE_SIGN_ENTITLEMENTS = LouBank/LouBank.entitlements;
				CODE_SIGN_STYLE = Automatic;
				CURRENT_PROJECT_VERSION = 1;
				DEVELOPMENT_ASSET_PATHS = "\"LouBank/Preview Content\"";
				DEVELOPMENT_TEAM = 57PCP37963;
				ENABLE_HARDENED_RUNTIME = YES;
				ENABLE_PREVIEWS = YES;
				GENERATE_INFOPLIST_FILE = YES;
				INFOPLIST_FILE = LouBank/Info.plist;
				"INFOPLIST_KEY_UIApplicationSceneManifest_Generation[sdk=iphoneos*]" = YES;
				"INFOPLIST_KEY_UIApplicationSceneManifest_Generation[sdk=iphonesimulator*]" = YES;
				"INFOPLIST_KEY_UIApplicationSupportsIndirectInputEvents[sdk=iphoneos*]" = YES;
				"INFOPLIST_KEY_UIApplicationSupportsIndirectInputEvents[sdk=iphonesimulator*]" = YES;
				"INFOPLIST_KEY_UILaunchScreen_Generation[sdk=iphoneos*]" = YES;
				"INFOPLIST_KEY_UILaunchScreen_Generation[sdk=iphonesimulator*]" = YES;
				"INFOPLIST_KEY_UIStatusBarStyle[sdk=iphoneos*]" = UIStatusBarStyleDefault;
				"INFOPLIST_KEY_UIStatusBarStyle[sdk=iphonesimulator*]" = UIStatusBarStyleDefault;
				INFOPLIST_KEY_UISupportedInterfaceOrientations_iPad = "UIInterfaceOrientationPortrait UIInterfaceOrientationPortraitUpsideDown UIInterfaceOrientationLandscapeLeft UIInterfaceOrientationLandscapeRight";
				INFOPLIST_KEY_UISupportedInterfaceOrientations_iPhone = "UIInterfaceOrientationPortrait UIInterfaceOrientationLandscapeLeft UIInterfaceOrientationLandscapeRight";
				IPHONEOS_DEPLOYMENT_TARGET = 17.5;
				LD_RUNPATH_SEARCH_PATHS = "@executable_path/Frameworks";
				"LD_RUNPATH_SEARCH_PATHS[sdk=macosx*]" = "@executable_path/../Frameworks";
				MACOSX_DEPLOYMENT_TARGET = 14.5;
				MARKETING_VERSION = 1.0;
				PRODUCT_BUNDLE_IDENTIFIER = kehinde.LouBank;
				PRODUCT_NAME = "$(TARGET_NAME)";
				SDKROOT = auto;
				SUPPORTED_PLATFORMS = "iphoneos iphonesimulator macosx";
				SWIFT_EMIT_LOC_STRINGS = YES;
				SWIFT_VERSION = 5.0;
				TARGETED_DEVICE_FAMILY = "1,2";
			};
			name = Debug;
		};
		7B14160A2C10EF450075D1C5 /* Release */ = {
			isa = XCBuildConfiguration;
			buildSettings = {
				ASSETCATALOG_COMPILER_APPICON_NAME = AppIcon;
				ASSETCATALOG_COMPILER_GLOBAL_ACCENT_COLOR_NAME = AccentColor;
				CODE_SIGN_ENTITLEMENTS = LouBank/LouBank.entitlements;
				CODE_SIGN_STYLE = Automatic;
				CURRENT_PROJECT_VERSION = 1;
				DEVELOPMENT_ASSET_PATHS = "\"LouBank/Preview Content\"";
				DEVELOPMENT_TEAM = 57PCP37963;
				ENABLE_HARDENED_RUNTIME = YES;
				ENABLE_PREVIEWS = YES;
				GENERATE_INFOPLIST_FILE = YES;
				INFOPLIST_FILE = LouBank/Info.plist;
				"INFOPLIST_KEY_UIApplicationSceneManifest_Generation[sdk=iphoneos*]" = YES;
				"INFOPLIST_KEY_UIApplicationSceneManifest_Generation[sdk=iphonesimulator*]" = YES;
				"INFOPLIST_KEY_UIApplicationSupportsIndirectInputEvents[sdk=iphoneos*]" = YES;
				"INFOPLIST_KEY_UIApplicationSupportsIndirectInputEvents[sdk=iphonesimulator*]" = YES;
				"INFOPLIST_KEY_UILaunchScreen_Generation[sdk=iphoneos*]" = YES;
				"INFOPLIST_KEY_UILaunchScreen_Generation[sdk=iphonesimulator*]" = YES;
				"INFOPLIST_KEY_UIStatusBarStyle[sdk=iphoneos*]" = UIStatusBarStyleDefault;
				"INFOPLIST_KEY_UIStatusBarStyle[sdk=iphonesimulator*]" = UIStatusBarStyleDefault;
				INFOPLIST_KEY_UISupportedInterfaceOrientations_iPad = "UIInterfaceOrientationPortrait UIInterfaceOrientationPortraitUpsideDown UIInterfaceOrientationLandscapeLeft UIInterfaceOrientationLandscapeRight";
				INFOPLIST_KEY_UISupportedInterfaceOrientations_iPhone = "UIInterfaceOrientationPortrait UIInterfaceOrientationLandscapeLeft UIInterfaceOrientationLandscapeRight";
				IPHONEOS_DEPLOYMENT_TARGET = 17.5;
				LD_RUNPATH_SEARCH_PATHS = "@executable_path/Frameworks";
				"LD_RUNPATH_SEARCH_PATHS[sdk=macosx*]" = "@executable_path/../Frameworks";
				MACOSX_DEPLOYMENT_TARGET = 14.5;
				MARKETING_VERSION = 1.0;
				PRODUCT_BUNDLE_IDENTIFIER = kehinde.LouBank;
				PRODUCT_NAME = "$(TARGET_NAME)";
				SDKROOT = auto;
				SUPPORTED_PLATFORMS = "iphoneos iphonesimulator macosx";
				SWIFT_EMIT_LOC_STRINGS = YES;
				SWIFT_VERSION = 5.0;
				TARGETED_DEVICE_FAMILY = "1,2";
			};
			name = Release;
		};
		7B14160C2C10EF450075D1C5 /* Debug */ = {
			isa = XCBuildConfiguration;
			buildSettings = {
				ALWAYS_EMBED_SWIFT_STANDARD_LIBRARIES = YES;
				BUNDLE_LOADER = "$(TEST_HOST)";
				CODE_SIGN_STYLE = Automatic;
				CURRENT_PROJECT_VERSION = 1;
				DEVELOPMENT_TEAM = 57PCP37963;
				GENERATE_INFOPLIST_FILE = YES;
				IPHONEOS_DEPLOYMENT_TARGET = 17.5;
				MACOSX_DEPLOYMENT_TARGET = 14.5;
				MARKETING_VERSION = 1.0;
				PRODUCT_BUNDLE_IDENTIFIER = kehinde.LouBankTests;
				PRODUCT_NAME = "$(TARGET_NAME)";
				SDKROOT = auto;
				SUPPORTED_PLATFORMS = "iphoneos iphonesimulator macosx";
				SWIFT_EMIT_LOC_STRINGS = NO;
				SWIFT_VERSION = 5.0;
				TARGETED_DEVICE_FAMILY = "1,2";
				TEST_HOST = "$(BUILT_PRODUCTS_DIR)/LouBank.app/$(BUNDLE_EXECUTABLE_FOLDER_PATH)/LouBank";
			};
			name = Debug;
		};
		7B14160D2C10EF450075D1C5 /* Release */ = {
			isa = XCBuildConfiguration;
			buildSettings = {
				ALWAYS_EMBED_SWIFT_STANDARD_LIBRARIES = YES;
				BUNDLE_LOADER = "$(TEST_HOST)";
				CODE_SIGN_STYLE = Automatic;
				CURRENT_PROJECT_VERSION = 1;
				DEVELOPMENT_TEAM = 57PCP37963;
				GENERATE_INFOPLIST_FILE = YES;
				IPHONEOS_DEPLOYMENT_TARGET = 17.5;
				MACOSX_DEPLOYMENT_TARGET = 14.5;
				MARKETING_VERSION = 1.0;
				PRODUCT_BUNDLE_IDENTIFIER = kehinde.LouBankTests;
				PRODUCT_NAME = "$(TARGET_NAME)";
				SDKROOT = auto;
				SUPPORTED_PLATFORMS = "iphoneos iphonesimulator macosx";
				SWIFT_EMIT_LOC_STRINGS = NO;
				SWIFT_VERSION = 5.0;
				TARGETED_DEVICE_FAMILY = "1,2";
				TEST_HOST = "$(BUILT_PRODUCTS_DIR)/LouBank.app/$(BUNDLE_EXECUTABLE_FOLDER_PATH)/LouBank";
			};
			name = Release;
		};
		7B14160F2C10EF450075D1C5 /* Debug */ = {
			isa = XCBuildConfiguration;
			buildSettings = {
				ALWAYS_EMBED_SWIFT_STANDARD_LIBRARIES = YES;
				CODE_SIGN_STYLE = Automatic;
				CURRENT_PROJECT_VERSION = 1;
				DEVELOPMENT_TEAM = 57PCP37963;
				GENERATE_INFOPLIST_FILE = YES;
				IPHONEOS_DEPLOYMENT_TARGET = 17.5;
				MACOSX_DEPLOYMENT_TARGET = 14.5;
				MARKETING_VERSION = 1.0;
				PRODUCT_BUNDLE_IDENTIFIER = kehinde.LouBankUITests;
				PRODUCT_NAME = "$(TARGET_NAME)";
				SDKROOT = auto;
				SUPPORTED_PLATFORMS = "iphoneos iphonesimulator macosx";
				SWIFT_EMIT_LOC_STRINGS = NO;
				SWIFT_VERSION = 5.0;
				TARGETED_DEVICE_FAMILY = "1,2";
				TEST_TARGET_NAME = LouBank;
			};
			name = Debug;
		};
		7B1416102C10EF450075D1C5 /* Release */ = {
			isa = XCBuildConfiguration;
			buildSettings = {
				ALWAYS_EMBED_SWIFT_STANDARD_LIBRARIES = YES;
				CODE_SIGN_STYLE = Automatic;
				CURRENT_PROJECT_VERSION = 1;
				DEVELOPMENT_TEAM = 57PCP37963;
				GENERATE_INFOPLIST_FILE = YES;
				IPHONEOS_DEPLOYMENT_TARGET = 17.5;
				MACOSX_DEPLOYMENT_TARGET = 14.5;
				MARKETING_VERSION = 1.0;
				PRODUCT_BUNDLE_IDENTIFIER = kehinde.LouBankUITests;
				PRODUCT_NAME = "$(TARGET_NAME)";
				SDKROOT = auto;
				SUPPORTED_PLATFORMS = "iphoneos iphonesimulator macosx";
				SWIFT_EMIT_LOC_STRINGS = NO;
				SWIFT_VERSION = 5.0;
				TARGETED_DEVICE_FAMILY = "1,2";
				TEST_TARGET_NAME = LouBank;
			};
			name = Release;
		};
/* End XCBuildConfiguration section */

/* Begin XCConfigurationList section */
		7B1415DE2C10EF430075D1C5 /* Build configuration list for PBXProject "LouBank" */ = {
			isa = XCConfigurationList;
			buildConfigurations = (
				7B1416062C10EF450075D1C5 /* Debug */,
				7B1416072C10EF450075D1C5 /* Release */,
			);
			defaultConfigurationIsVisible = 0;
			defaultConfigurationName = Release;
		};
		7B1416082C10EF450075D1C5 /* Build configuration list for PBXNativeTarget "LouBank" */ = {
			isa = XCConfigurationList;
			buildConfigurations = (
				7B1416092C10EF450075D1C5 /* Debug */,
				7B14160A2C10EF450075D1C5 /* Release */,
			);
			defaultConfigurationIsVisible = 0;
			defaultConfigurationName = Release;
		};
		7B14160B2C10EF450075D1C5 /* Build configuration list for PBXNativeTarget "LouBankTests" */ = {
			isa = XCConfigurationList;
			buildConfigurations = (
				7B14160C2C10EF450075D1C5 /* Debug */,
				7B14160D2C10EF450075D1C5 /* Release */,
			);
			defaultConfigurationIsVisible = 0;
			defaultConfigurationName = Release;
		};
		7B14160E2C10EF450075D1C5 /* Build configuration list for PBXNativeTarget "LouBankUITests" */ = {
			isa = XCConfigurationList;
			buildConfigurations = (
				7B14160F2C10EF450075D1C5 /* Debug */,
				7B1416102C10EF450075D1C5 /* Release */,
			);
			defaultConfigurationIsVisible = 0;
			defaultConfigurationName = Release;
		};
/* End XCConfigurationList section */
	};
	rootObject = 7B1415DB2C10EF430075D1C5 /* Project object */;
}
